
Microsoft Visual Studio Solution File, Format Version 12.00
# Visual Studio Version 17
VisualStudioVersion = 17.6.33829.357
MinimumVisualStudioVersion = 10.0.40219.1
Project("{9A19103F-16F7-4668-BE54-9A1E7A4F7556}") = "DamarisServices", "DamarisServices\DamarisServices.csproj", "{50013EC2-9918-43B5-B808-20364CD14EED}"
EndProject
Project("{2150E333-8FDC-42A3-9474-1A3956D46DE8}") = "Identity", "Identity", "{9EF8546D-568F-466B-8EE3-3CC9CD9C5A97}"
EndProject
Project("{2150E333-8FDC-42A3-9474-1A3956D46DE8}") = "Shared", "Shared", "{AB28B837-9C89-493D-899B-4009EEE76D34}"
EndProject
Project("{9A19103F-16F7-4668-BE54-9A1E7A4F7556}") = "LanguageService", "LanguageService\LanguageService.csproj", "{835FE7C7-D224-4767-8B4B-9E8B00E3A4E1}"
EndProject
Project("{9A19103F-16F7-4668-BE54-9A1E7A4F7556}") = "KafkaCommunicationLibrary", "KafkaCommunicationLibrary\KafkaCommunicationLibrary.csproj", "{96B95BC8-42F3-4EA2-9A35-ACD7560AB7D8}"
EndProject
Project("{9A19103F-16F7-4668-BE54-9A1E7A4F7556}") = "Damaris.Domain", "Damaris.Domain\Damaris.Domain.csproj", "{22C33E75-ED3B-48B6-A677-8F8E59173B50}"
EndProject
Project("{FAE04EC0-301F-11D3-BF4B-00C04F79EFBC}") = "Damaris.DataService", "Damaris.DataService\Damaris.DataService.csproj", "{D7FC158D-6D36-4AE5-91B7-6CDCA2F39DAB}"
EndProject
Global
	GlobalSection(SolutionConfigurationPlatforms) = preSolution
		Debug|Any CPU = Debug|Any CPU
		Release|Any CPU = Release|Any CPU
	EndGlobalSection
	GlobalSection(ProjectConfigurationPlatforms) = postSolution
		{50013EC2-9918-43B5-B808-20364CD14EED}.Debug|Any CPU.ActiveCfg = Debug|Any CPU
		{50013EC2-9918-43B5-B808-20364CD14EED}.Debug|Any CPU.Build.0 = Debug|Any CPU
		{50013EC2-9918-43B5-B808-20364CD14EED}.Release|Any CPU.ActiveCfg = Release|Any CPU
		{50013EC2-9918-43B5-B808-20364CD14EED}.Release|Any CPU.Build.0 = Release|Any CPU
		{835FE7C7-D224-4767-8B4B-9E8B00E3A4E1}.Debug|Any CPU.ActiveCfg = Debug|Any CPU
		{835FE7C7-D224-4767-8B4B-9E8B00E3A4E1}.Debug|Any CPU.Build.0 = Debug|Any CPU
		{835FE7C7-D224-4767-8B4B-9E8B00E3A4E1}.Release|Any CPU.ActiveCfg = Release|Any CPU
		{835FE7C7-D224-4767-8B4B-9E8B00E3A4E1}.Release|Any CPU.Build.0 = Release|Any CPU
		{96B95BC8-42F3-4EA2-9A35-ACD7560AB7D8}.Debug|Any CPU.ActiveCfg = Debug|Any CPU
		{96B95BC8-42F3-4EA2-9A35-ACD7560AB7D8}.Debug|Any CPU.Build.0 = Debug|Any CPU
		{96B95BC8-42F3-4EA2-9A35-ACD7560AB7D8}.Release|Any CPU.ActiveCfg = Release|Any CPU
		{96B95BC8-42F3-4EA2-9A35-ACD7560AB7D8}.Release|Any CPU.Build.0 = Release|Any CPU
		{22C33E75-ED3B-48B6-A677-8F8E59173B50}.Debug|Any CPU.ActiveCfg = Debug|Any CPU
		{22C33E75-ED3B-48B6-A677-8F8E59173B50}.Debug|Any CPU.Build.0 = Debug|Any CPU
		{22C33E75-ED3B-48B6-A677-8F8E59173B50}.Release|Any CPU.ActiveCfg = Release|Any CPU
		{22C33E75-ED3B-48B6-A677-8F8E59173B50}.Release|Any CPU.Build.0 = Release|Any CPU
		{D7FC158D-6D36-4AE5-91B7-6CDCA2F39DAB}.Debug|Any CPU.ActiveCfg = Debug|Any CPU
		{D7FC158D-6D36-4AE5-91B7-6CDCA2F39DAB}.Debug|Any CPU.Build.0 = Debug|Any CPU
		{D7FC158D-6D36-4AE5-91B7-6CDCA2F39DAB}.Release|Any CPU.ActiveCfg = Release|Any CPU
		{D7FC158D-6D36-4AE5-91B7-6CDCA2F39DAB}.Release|Any CPU.Build.0 = Release|Any CPU
	EndGlobalSection
	GlobalSection(SolutionProperties) = preSolution
		HideSolutionNode = FALSE
	EndGlobalSection
	GlobalSection(NestedProjects) = preSolution
		{50013EC2-9918-43B5-B808-20364CD14EED} = {9EF8546D-568F-466B-8EE3-3CC9CD9C5A97}
		{835FE7C7-D224-4767-8B4B-9E8B00E3A4E1} = {AB28B837-9C89-493D-899B-4009EEE76D34}
		{96B95BC8-42F3-4EA2-9A35-ACD7560AB7D8} = {AB28B837-9C89-493D-899B-4009EEE76D34}
		{22C33E75-ED3B-48B6-A677-8F8E59173B50} = {AB28B837-9C89-493D-899B-4009EEE76D34}
		{D7FC158D-6D36-4AE5-91B7-6CDCA2F39DAB} = {AB28B837-9C89-493D-899B-4009EEE76D34}
	EndGlobalSection
	GlobalSection(ExtensibilityGlobals) = postSolution
		SolutionGuid = {9F6DB3C1-E19E-488D-BABE-3B03F70AB1A9}
	EndGlobalSection
EndGlobal
