
Microsoft Visual Studio Solution File, Format Version 12.00
# Visual Studio Version 17
VisualStudioVersion = 17.6.33829.357
MinimumVisualStudioVersion = 10.0.40219.1
Project("{9A19103F-16F7-4668-BE54-9A1E7A4F7556}") = "DamarisServices", "DamarisServices\DamarisServices.csproj", "{50013EC2-9918-43B5-B808-20364CD14EED}"
EndProject
Project("{2150E333-8FDC-42A3-9474-1A3956D46DE8}") = "Identity", "Identity", "{9EF8546D-568F-466B-8EE3-3CC9CD9C5A97}"
EndProject
Project("{2150E333-8FDC-42A3-9474-1A3956D46DE8}") = "Shared", "Shared", "{AB28B837-9C89-493D-899B-4009EEE76D34}"
EndProject
Project("{9A19103F-16F7-4668-BE54-9A1E7A4F7556}") = "LanguageService", "LanguageService\LanguageService.csproj", "{835FE7C7-D224-4767-8B4B-9E8B00E3A4E1}"
EndProject
Project("{9A19103F-16F7-4668-BE54-9A1E7A4F7556}") = "KafkaCommunicationLibrary", "KafkaCommunicationLibrary\KafkaCommunicationLibrary.csproj", "{96B95BC8-42F3-4EA2-9A35-ACD7560AB7D8}"
EndProject
Project("{9A19103F-16F7-4668-BE54-9A1E7A4F7556}") = "Damaris.Domain", "Damaris.Domain\Damaris.Domain.csproj", "{22C33E75-ED3B-48B6-A677-8F8E59173B50}"
EndProject
Project("{9A19103F-16F7-4668-BE54-9A1E7A4F7556}") = "Damaris.DataService", "Damaris.DataService\Damaris.DataService.csproj", "{D7FC158D-6D36-4AE5-91B7-6CDCA2F39DAB}"
EndProject
Project("{9A19103F-16F7-4668-BE54-9A1E7A4F7556}") = "Damaris.Common", "Damaris.Common\Damaris.Common.csproj", "{6793A393-EEFA-40DF-BA8F-801AB684DC6C}"
EndProject
Project("{9A19103F-16F7-4668-BE54-9A1E7A4F7556}") = "IdentityServer4", "IdentityServer4-net6\src\IdentityServer4\src\IdentityServer4.csproj", "{46BD38AF-689D-4FA9-A733-A9157A092AC2}"
EndProject
Project("{9A19103F-16F7-4668-BE54-9A1E7A4F7556}") = "IdentityServer4.Storage", "IdentityServer4-net6\src\Storage\src\IdentityServer4.Storage.csproj", "{FCFD3450-4449-4EE2-8171-DE0C82DB3590}"
EndProject
Project("{9A19103F-16F7-4668-BE54-9A1E7A4F7556}") = "IdentityServer4.EntityFramework", "IdentityServer4-net6\src\EntityFramework\src\IdentityServer4.EntityFramework.csproj", "{3A7323BD-B234-4627-AD30-4877DBC53622}"
EndProject
Project("{9A19103F-16F7-4668-BE54-9A1E7A4F7556}") = "IdentityServer4.EntityFramework.Storage", "IdentityServer4-net6\src\EntityFramework.Storage\src\IdentityServer4.EntityFramework.Storage.csproj", "{A82ABE5B-8FB6-4C45-BD95-424096F199C4}"
EndProject
Project("{9A19103F-16F7-4668-BE54-9A1E7A4F7556}") = "Damaris.Officer", "Damaris.Officer\Damaris.Officer.csproj", "{C3164FD6-4703-42EB-B0E6-518120BC4273}"
EndProject
Project("{9A19103F-16F7-4668-BE54-9A1E7A4F7556}") = "Damaris.Kafka.Consumer", "Damaris.Kafka.Consumer\Damaris.Kafka.Consumer.csproj", "{19886FD0-4000-4FAB-93A2-9015161DFC0A}"
EndProject
Project("{9A19103F-16F7-4668-BE54-9A1E7A4F7556}") = "IdentityServer4.AspNetIdentity", "IdentityServer4-net6\src\AspNetIdentity\src\IdentityServer4.AspNetIdentity.csproj", "{0EB14072-65E7-4572-AF7B-EA28E9A83526}"
EndProject
Global
	GlobalSection(SolutionConfigurationPlatforms) = preSolution
		Debug|Any CPU = Debug|Any CPU
		Release|Any CPU = Release|Any CPU
	EndGlobalSection
	GlobalSection(ProjectConfigurationPlatforms) = postSolution
		{50013EC2-9918-43B5-B808-20364CD14EED}.Debug|Any CPU.ActiveCfg = Debug|Any CPU
		{50013EC2-9918-43B5-B808-20364CD14EED}.Debug|Any CPU.Build.0 = Debug|Any CPU
		{50013EC2-9918-43B5-B808-20364CD14EED}.Release|Any CPU.ActiveCfg = Release|Any CPU
		{50013EC2-9918-43B5-B808-20364CD14EED}.Release|Any CPU.Build.0 = Release|Any CPU
		{835FE7C7-D224-4767-8B4B-9E8B00E3A4E1}.Debug|Any CPU.ActiveCfg = Debug|Any CPU
		{835FE7C7-D224-4767-8B4B-9E8B00E3A4E1}.Debug|Any CPU.Build.0 = Debug|Any CPU
		{835FE7C7-D224-4767-8B4B-9E8B00E3A4E1}.Release|Any CPU.ActiveCfg = Release|Any CPU
		{835FE7C7-D224-4767-8B4B-9E8B00E3A4E1}.Release|Any CPU.Build.0 = Release|Any CPU
		{96B95BC8-42F3-4EA2-9A35-ACD7560AB7D8}.Debug|Any CPU.ActiveCfg = Debug|Any CPU
		{96B95BC8-42F3-4EA2-9A35-ACD7560AB7D8}.Debug|Any CPU.Build.0 = Debug|Any CPU
		{96B95BC8-42F3-4EA2-9A35-ACD7560AB7D8}.Release|Any CPU.ActiveCfg = Release|Any CPU
		{96B95BC8-42F3-4EA2-9A35-ACD7560AB7D8}.Release|Any CPU.Build.0 = Release|Any CPU
		{22C33E75-ED3B-48B6-A677-8F8E59173B50}.Debug|Any CPU.ActiveCfg = Debug|Any CPU
		{22C33E75-ED3B-48B6-A677-8F8E59173B50}.Debug|Any CPU.Build.0 = Debug|Any CPU
		{22C33E75-ED3B-48B6-A677-8F8E59173B50}.Release|Any CPU.ActiveCfg = Release|Any CPU
		{22C33E75-ED3B-48B6-A677-8F8E59173B50}.Release|Any CPU.Build.0 = Release|Any CPU
		{D7FC158D-6D36-4AE5-91B7-6CDCA2F39DAB}.Debug|Any CPU.ActiveCfg = Debug|Any CPU
		{D7FC158D-6D36-4AE5-91B7-6CDCA2F39DAB}.Debug|Any CPU.Build.0 = Debug|Any CPU
		{D7FC158D-6D36-4AE5-91B7-6CDCA2F39DAB}.Release|Any CPU.ActiveCfg = Release|Any CPU
		{D7FC158D-6D36-4AE5-91B7-6CDCA2F39DAB}.Release|Any CPU.Build.0 = Release|Any CPU
		{6793A393-EEFA-40DF-BA8F-801AB684DC6C}.Debug|Any CPU.ActiveCfg = Debug|Any CPU
		{6793A393-EEFA-40DF-BA8F-801AB684DC6C}.Debug|Any CPU.Build.0 = Debug|Any CPU
		{6793A393-EEFA-40DF-BA8F-801AB684DC6C}.Release|Any CPU.ActiveCfg = Release|Any CPU
		{6793A393-EEFA-40DF-BA8F-801AB684DC6C}.Release|Any CPU.Build.0 = Release|Any CPU
		{46BD38AF-689D-4FA9-A733-A9157A092AC2}.Debug|Any CPU.ActiveCfg = Debug|Any CPU
		{46BD38AF-689D-4FA9-A733-A9157A092AC2}.Debug|Any CPU.Build.0 = Debug|Any CPU
		{46BD38AF-689D-4FA9-A733-A9157A092AC2}.Release|Any CPU.ActiveCfg = Release|Any CPU
		{46BD38AF-689D-4FA9-A733-A9157A092AC2}.Release|Any CPU.Build.0 = Release|Any CPU
		{FCFD3450-4449-4EE2-8171-DE0C82DB3590}.Debug|Any CPU.ActiveCfg = Debug|Any CPU
		{FCFD3450-4449-4EE2-8171-DE0C82DB3590}.Debug|Any CPU.Build.0 = Debug|Any CPU
		{FCFD3450-4449-4EE2-8171-DE0C82DB3590}.Release|Any CPU.ActiveCfg = Release|Any CPU
		{FCFD3450-4449-4EE2-8171-DE0C82DB3590}.Release|Any CPU.Build.0 = Release|Any CPU
		{3A7323BD-B234-4627-AD30-4877DBC53622}.Debug|Any CPU.ActiveCfg = Debug|Any CPU
		{3A7323BD-B234-4627-AD30-4877DBC53622}.Debug|Any CPU.Build.0 = Debug|Any CPU
		{3A7323BD-B234-4627-AD30-4877DBC53622}.Release|Any CPU.ActiveCfg = Release|Any CPU
		{3A7323BD-B234-4627-AD30-4877DBC53622}.Release|Any CPU.Build.0 = Release|Any CPU
		{A82ABE5B-8FB6-4C45-BD95-424096F199C4}.Debug|Any CPU.ActiveCfg = Debug|Any CPU
		{A82ABE5B-8FB6-4C45-BD95-424096F199C4}.Debug|Any CPU.Build.0 = Debug|Any CPU
		{A82ABE5B-8FB6-4C45-BD95-424096F199C4}.Release|Any CPU.ActiveCfg = Release|Any CPU
		{A82ABE5B-8FB6-4C45-BD95-424096F199C4}.Release|Any CPU.Build.0 = Release|Any CPU
		{C3164FD6-4703-42EB-B0E6-518120BC4273}.Debug|Any CPU.ActiveCfg = Debug|Any CPU
		{C3164FD6-4703-42EB-B0E6-518120BC4273}.Debug|Any CPU.Build.0 = Debug|Any CPU
		{C3164FD6-4703-42EB-B0E6-518120BC4273}.Release|Any CPU.ActiveCfg = Release|Any CPU
		{C3164FD6-4703-42EB-B0E6-518120BC4273}.Release|Any CPU.Build.0 = Release|Any CPU
		{19886FD0-4000-4FAB-93A2-9015161DFC0A}.Debug|Any CPU.ActiveCfg = Debug|Any CPU
		{19886FD0-4000-4FAB-93A2-9015161DFC0A}.Debug|Any CPU.Build.0 = Debug|Any CPU
		{19886FD0-4000-4FAB-93A2-9015161DFC0A}.Release|Any CPU.ActiveCfg = Release|Any CPU
		{19886FD0-4000-4FAB-93A2-9015161DFC0A}.Release|Any CPU.Build.0 = Release|Any CPU
		{0EB14072-65E7-4572-AF7B-EA28E9A83526}.Debug|Any CPU.ActiveCfg = Debug|Any CPU
		{0EB14072-65E7-4572-AF7B-EA28E9A83526}.Debug|Any CPU.Build.0 = Debug|Any CPU
		{0EB14072-65E7-4572-AF7B-EA28E9A83526}.Release|Any CPU.ActiveCfg = Release|Any CPU
		{0EB14072-65E7-4572-AF7B-EA28E9A83526}.Release|Any CPU.Build.0 = Release|Any CPU
	EndGlobalSection
	GlobalSection(SolutionProperties) = preSolution
		HideSolutionNode = FALSE
	EndGlobalSection
	GlobalSection(NestedProjects) = preSolution
		{50013EC2-9918-43B5-B808-20364CD14EED} = {9EF8546D-568F-466B-8EE3-3CC9CD9C5A97}
		{835FE7C7-D224-4767-8B4B-9E8B00E3A4E1} = {AB28B837-9C89-493D-899B-4009EEE76D34}
		{96B95BC8-42F3-4EA2-9A35-ACD7560AB7D8} = {AB28B837-9C89-493D-899B-4009EEE76D34}
		{22C33E75-ED3B-48B6-A677-8F8E59173B50} = {AB28B837-9C89-493D-899B-4009EEE76D34}
		{D7FC158D-6D36-4AE5-91B7-6CDCA2F39DAB} = {AB28B837-9C89-493D-899B-4009EEE76D34}
		{6793A393-EEFA-40DF-BA8F-801AB684DC6C} = {AB28B837-9C89-493D-899B-4009EEE76D34}
		{46BD38AF-689D-4FA9-A733-A9157A092AC2} = {9EF8546D-568F-466B-8EE3-3CC9CD9C5A97}
		{FCFD3450-4449-4EE2-8171-DE0C82DB3590} = {9EF8546D-568F-466B-8EE3-3CC9CD9C5A97}
		{3A7323BD-B234-4627-AD30-4877DBC53622} = {9EF8546D-568F-466B-8EE3-3CC9CD9C5A97}
		{A82ABE5B-8FB6-4C45-BD95-424096F199C4} = {9EF8546D-568F-466B-8EE3-3CC9CD9C5A97}
		{C3164FD6-4703-42EB-B0E6-518120BC4273} = {9EF8546D-568F-466B-8EE3-3CC9CD9C5A97}
		{19886FD0-4000-4FAB-93A2-9015161DFC0A} = {AB28B837-9C89-493D-899B-4009EEE76D34}
		{0EB14072-65E7-4572-AF7B-EA28E9A83526} = {9EF8546D-568F-466B-8EE3-3CC9CD9C5A97}
	EndGlobalSection
	GlobalSection(ExtensibilityGlobals) = postSolution
		SolutionGuid = {9F6DB3C1-E19E-488D-BABE-3B03F70AB1A9}
	EndGlobalSection
EndGlobal
